// !$*UTF8*$!
{
	archiveVersion = 1;
	classes = {
	};
	objectVersion = 77;
	objects = {

/* Begin PBXBuildFile section */
		022E84F7CB37680507E27F4D /* Theme.swift in Sources */ = {isa = PBXBuildFile; fileRef = D065ED7257655CC401D8A261 /* Theme.swift */; };
		02E3FFDD8240A48EB5C4F675 /* ExportSheet.swift in Sources */ = {isa = PBXBuildFile; fileRef = 79CE9F4C86E8324DF3AFFEDB /* ExportSheet.swift */; };
		073EB06D7491C3BAC8FBCAC6 /* PhotoLoader.swift in Sources */ = {isa = PBXBuildFile; fileRef = D650F5B140BC7FEBE9A4126E /* PhotoLoader.swift */; };
		0814D767F5E63EA208A07798 /* PathRulesTests.swift in Sources */ = {isa = PBXBuildFile; fileRef = 4BA47B4A3CCE2847C638CD9F /* PathRulesTests.swift */; };
		09D0595C5D2EBB431D65ED22 /* CeremonyStats.swift in Sources */ = {isa = PBXBuildFile; fileRef = 830B7BC539D8842B9D42E19C /* CeremonyStats.swift */; };
		120FBFEB247B480BEAF516E5 /* DuplicateIngest.swift in Sources */ = {isa = PBXBuildFile; fileRef = 7531847392CFA3EE16630EDC /* DuplicateIngest.swift */; };
		14D7D429501BB3301A4BA005 /* KeepApp.swift in Sources */ = {isa = PBXBuildFile; fileRef = 3D214D2E6E1CEB575B82F3D3 /* KeepApp.swift */; };
		160598895533D1F9A4BF0CF6 /* PathRules.swift in Sources */ = {isa = PBXBuildFile; fileRef = 77E2C22B776D703D04148DA9 /* PathRules.swift */; };
		19CAE78E3BD1A40C1BCC8573 /* KeepCore.framework in Frameworks */ = {isa = PBXBuildFile; fileRef = 4DC5F0605FFE0EDEFC8F660F /* KeepCore.framework */; };
		1A732E29E20B379E514036D2 /* Pairing.swift in Sources */ = {isa = PBXBuildFile; fileRef = FE2BFCDC315D651FB8E1FF3A /* Pairing.swift */; };
		1F1B6C5CF3E97C17142EDDE5 /* KeepCore.framework in Embed Frameworks */ = {isa = PBXBuildFile; fileRef = 4DC5F0605FFE0EDEFC8F660F /* KeepCore.framework */; settings = {ATTRIBUTES = (CodeSignOnCopy, RemoveHeadersOnCopy, ); }; };
		1FBF76718BC2861D2547AA0C /* ZoomSession.swift in Sources */ = {isa = PBXBuildFile; fileRef = B70A905EC35F7CF9A594C6EA /* ZoomSession.swift */; };
		23A1A29F60998545D44F1427 /* OpenView.swift in Sources */ = {isa = PBXBuildFile; fileRef = 55461D7A2731A22BF56095B8 /* OpenView.swift */; };
		24F41D1F901A024D4B68AF92 /* CloudFile.swift in Sources */ = {isa = PBXBuildFile; fileRef = 594FA6318A09C402EB4B8762 /* CloudFile.swift */; };
		250C57A2C6B8178D7C969742 /* ReviewView.swift in Sources */ = {isa = PBXBuildFile; fileRef = 991C4902024E4D0F9B56D1E9 /* ReviewView.swift */; };
		2CC9FD2CF6E41621FC81E88A /* GRDB in Frameworks */ = {isa = PBXBuildFile; productRef = EEB55FDAEC652309FB572AB7 /* GRDB */; };
		30C9AC9FE8CDC2D9BCAD43E1 /* Models.swift in Sources */ = {isa = PBXBuildFile; fileRef = 60C66D09D2FB8373C7DC9566 /* Models.swift */; };
		499E46AEDF05EF93C0353C99 /* Exporter.swift in Sources */ = {isa = PBXBuildFile; fileRef = 9397CA0F97DAE510CB4AF6BA /* Exporter.swift */; };
		4A7F88E0E90FF20CD2D289C0 /* GridView.swift in Sources */ = {isa = PBXBuildFile; fileRef = 7F0AECB1FA1C8B0115647D75 /* GridView.swift */; };
		4E207D97B992DA9329F30186 /* ScanView.swift in Sources */ = {isa = PBXBuildFile; fileRef = 50B50D0E20DE124C044BB729 /* ScanView.swift */; };
		516C15D2CF1ABE596A1EF677 /* PairingTests.swift in Sources */ = {isa = PBXBuildFile; fileRef = 7DAC5E9F5C8A48CB42AE473F /* PairingTests.swift */; };
		5F34D556E40ED1DBD683AB61 /* DiskTrashTests.swift in Sources */ = {isa = PBXBuildFile; fileRef = 52D968DCEE96D23B028DC366 /* DiskTrashTests.swift */; };
		647DFF0FCF37D46BE8AABAF5 /* Assets.xcassets in Resources */ = {isa = PBXBuildFile; fileRef = 425CCB7D103A94F76EFAD406 /* Assets.xcassets */; };
		6530D17A4ED1FF1D4E676C81 /* ThumbView.swift in Sources */ = {isa = PBXBuildFile; fileRef = DAE927B7AD8FDF25D6D3D3C7 /* ThumbView.swift */; };
		65D7F38A560981C07A6952A9 /* Database.swift in Sources */ = {isa = PBXBuildFile; fileRef = 58424114F85177D8015762B3 /* Database.swift */; };
		680E445002FF96D561449278 /* Indexer.swift in Sources */ = {isa = PBXBuildFile; fileRef = 98ECA5A70EA418D70462ABC1 /* Indexer.swift */; };
		729A7A8695475774DBE5FEAC /* PhotoCanvas.swift in Sources */ = {isa = PBXBuildFile; fileRef = 32374D8D54FC85DAF4C7976D /* PhotoCanvas.swift */; };
		8722EA315432A27C72EBFE41 /* Thumbnailer.swift in Sources */ = {isa = PBXBuildFile; fileRef = 096423FA45F99D663BAD0921 /* Thumbnailer.swift */; };
		8BE43356A8DEE5A1739988D4 /* Recents.swift in Sources */ = {isa = PBXBuildFile; fileRef = D89A3EA540B7D29D7E860B6D /* Recents.swift */; };
		91C86A201F3DFA49BAF76DB4 /* StylePreference.swift in Sources */ = {isa = PBXBuildFile; fileRef = 942B764A886BCFB3224A8519 /* StylePreference.swift */; };
		97D8FB07021A32635A9ECE9E /* IndexerTests.swift in Sources */ = {isa = PBXBuildFile; fileRef = F916B41D6A4A0754C33BE055 /* IndexerTests.swift */; };
		9D0E0FD6CBFDF3E24526D7F0 /* EventBookmark.swift in Sources */ = {isa = PBXBuildFile; fileRef = F37C282FD45FD9FDF7745583 /* EventBookmark.swift */; };
		A017327E09BAAB4B314AF763 /* MarkStoreTests.swift in Sources */ = {isa = PBXBuildFile; fileRef = E759AC85274D787CEFC2EBE2 /* MarkStoreTests.swift */; };
		AC9E52F8A7D6E08810B984E2 /* KeepCore.framework in Embed Frameworks */ = {isa = PBXBuildFile; fileRef = 4DC5F0605FFE0EDEFC8F660F /* KeepCore.framework */; settings = {ATTRIBUTES = (CodeSignOnCopy, RemoveHeadersOnCopy, ); }; };
		B659B5057932FD801FF828FB /* ExporterTests.swift in Sources */ = {isa = PBXBuildFile; fileRef = 4DEFA84F681065F2A2B96BAD /* ExporterTests.swift */; };
		C3B1E6700ADD7AE2862E1991 /* MarkStore.swift in Sources */ = {isa = PBXBuildFile; fileRef = B0C363580479394E6B2703E1 /* MarkStore.swift */; };
		CF141A0A0DA4F40F517911C8 /* DiskTrash.swift in Sources */ = {isa = PBXBuildFile; fileRef = BB4ABD46A9300F00CEF82D5A /* DiskTrash.swift */; };
		DEB5B1969EA6414CAE0C1E70 /* ThumbnailerTests.swift in Sources */ = {isa = PBXBuildFile; fileRef = 7AB114158BFDD0BAB67CD7B3 /* ThumbnailerTests.swift */; };
		EE1A58FC18A80945F0F02A8A /* EventHomeView.swift in Sources */ = {isa = PBXBuildFile; fileRef = D82056B8CABC234CF53F65CB /* EventHomeView.swift */; };
		F4E2C74DC8D811B1DF58112B /* SupportPaths.swift in Sources */ = {isa = PBXBuildFile; fileRef = EFDD6ED4C714CB7D06E49B54 /* SupportPaths.swift */; };
		F9473BD6D9DD94AC3B8942E0 /* AppModel.swift in Sources */ = {isa = PBXBuildFile; fileRef = 75A0A17421EB6B1C623381D5 /* AppModel.swift */; };
		FF0E06E549A4C7053EA33088 /* KeepCore.framework in Frameworks */ = {isa = PBXBuildFile; fileRef = 4DC5F0605FFE0EDEFC8F660F /* KeepCore.framework */; };
/* End PBXBuildFile section */

/* Begin PBXContainerItemProxy section */
		2EA946CBA9F1A276E4F63CDE /* PBXContainerItemProxy */ = {
			isa = PBXContainerItemProxy;
			containerPortal = D83C58DB87596131E35C5C7D /* Project object */;
			proxyType = 1;
			remoteGlobalIDString = AA1C2177B88993FC04EBBEAB;
			remoteInfo = KeepCore;
		};
		C758286BB5A01A4093E93101 /* PBXContainerItemProxy */ = {
			isa = PBXContainerItemProxy;
			containerPortal = D83C58DB87596131E35C5C7D /* Project object */;
			proxyType = 1;
			remoteGlobalIDString = AA1C2177B88993FC04EBBEAB;
			remoteInfo = KeepCore;
		};
/* End PBXContainerItemProxy section */

/* Begin PBXCopyFilesBuildPhase section */
		DC0819D8CB12AC7A3398140F /* Embed Frameworks */ = {
			isa = PBXCopyFilesBuildPhase;
			buildActionMask = 2147483647;
			dstPath = "";
			dstSubfolderSpec = 10;
			files = (
				AC9E52F8A7D6E08810B984E2 /* KeepCore.framework in Embed Frameworks */,
			);
			name = "Embed Frameworks";
			runOnlyForDeploymentPostprocessing = 0;
		};
		E97FA0575A17E8C5A7C34A7B /* Embed Frameworks */ = {
			isa = PBXCopyFilesBuildPhase;
			buildActionMask = 2147483647;
			dstPath = "";
			dstSubfolderSpec = 10;
			files = (
				1F1B6C5CF3E97C17142EDDE5 /* KeepCore.framework in Embed Frameworks */,
			);
			name = "Embed Frameworks";
			runOnlyForDeploymentPostprocessing = 0;
		};
/* End PBXCopyFilesBuildPhase section */

/* Begin PBXFileReference section */
		096423FA45F99D663BAD0921 /* Thumbnailer.swift */ = {isa = PBXFileReference; lastKnownFileType = sourcecode.swift; path = Thumbnailer.swift; sourceTree = "<group>"; };
		32374D8D54FC85DAF4C7976D /* PhotoCanvas.swift */ = {isa = PBXFileReference; lastKnownFileType = sourcecode.swift; path = PhotoCanvas.swift; sourceTree = "<group>"; };
		3D214D2E6E1CEB575B82F3D3 /* KeepApp.swift */ = {isa = PBXFileReference; lastKnownFileType = sourcecode.swift; path = KeepApp.swift; sourceTree = "<group>"; };
		425CCB7D103A94F76EFAD406 /* Assets.xcassets */ = {isa = PBXFileReference; lastKnownFileType = folder.assetcatalog; path = Assets.xcassets; sourceTree = "<group>"; };
		4BA47B4A3CCE2847C638CD9F /* PathRulesTests.swift */ = {isa = PBXFileReference; lastKnownFileType = sourcecode.swift; path = PathRulesTests.swift; sourceTree = "<group>"; };
		4DC5F0605FFE0EDEFC8F660F /* KeepCore.framework */ = {isa = PBXFileReference; explicitFileType = wrapper.framework; includeInIndex = 0; path = KeepCore.framework; sourceTree = BUILT_PRODUCTS_DIR; };
		4DEFA84F681065F2A2B96BAD /* ExporterTests.swift */ = {isa = PBXFileReference; lastKnownFileType = sourcecode.swift; path = ExporterTests.swift; sourceTree = "<group>"; };
		50B50D0E20DE124C044BB729 /* ScanView.swift */ = {isa = PBXFileReference; lastKnownFileType = sourcecode.swift; path = ScanView.swift; sourceTree = "<group>"; };
		52D968DCEE96D23B028DC366 /* DiskTrashTests.swift */ = {isa = PBXFileReference; lastKnownFileType = sourcecode.swift; path = DiskTrashTests.swift; sourceTree = "<group>"; };
		55461D7A2731A22BF56095B8 /* OpenView.swift */ = {isa = PBXFileReference; lastKnownFileType = sourcecode.swift; path = OpenView.swift; sourceTree = "<group>"; };
		58424114F85177D8015762B3 /* Database.swift */ = {isa = PBXFileReference; lastKnownFileType = sourcecode.swift; path = Database.swift; sourceTree = "<group>"; };
		594FA6318A09C402EB4B8762 /* CloudFile.swift */ = {isa = PBXFileReference; lastKnownFileType = sourcecode.swift; path = CloudFile.swift; sourceTree = "<group>"; };
		60C66D09D2FB8373C7DC9566 /* Models.swift */ = {isa = PBXFileReference; lastKnownFileType = sourcecode.swift; path = Models.swift; sourceTree = "<group>"; };
		73E29E5F74C18F97E123A8B5 /* KeepTests.xctest */ = {isa = PBXFileReference; explicitFileType = wrapper.cfbundle; includeInIndex = 0; path = KeepTests.xctest; sourceTree = BUILT_PRODUCTS_DIR; };
		7531847392CFA3EE16630EDC /* DuplicateIngest.swift */ = {isa = PBXFileReference; lastKnownFileType = sourcecode.swift; path = DuplicateIngest.swift; sourceTree = "<group>"; };
		75A0A17421EB6B1C623381D5 /* AppModel.swift */ = {isa = PBXFileReference; lastKnownFileType = sourcecode.swift; path = AppModel.swift; sourceTree = "<group>"; };
		77E2C22B776D703D04148DA9 /* PathRules.swift */ = {isa = PBXFileReference; lastKnownFileType = sourcecode.swift; path = PathRules.swift; sourceTree = "<group>"; };
		79CE9F4C86E8324DF3AFFEDB /* ExportSheet.swift */ = {isa = PBXFileReference; lastKnownFileType = sourcecode.swift; path = ExportSheet.swift; sourceTree = "<group>"; };
		7AB114158BFDD0BAB67CD7B3 /* ThumbnailerTests.swift */ = {isa = PBXFileReference; lastKnownFileType = sourcecode.swift; path = ThumbnailerTests.swift; sourceTree = "<group>"; };
		7DAC5E9F5C8A48CB42AE473F /* PairingTests.swift */ = {isa = PBXFileReference; lastKnownFileType = sourcecode.swift; path = PairingTests.swift; sourceTree = "<group>"; };
		7F0AECB1FA1C8B0115647D75 /* GridView.swift */ = {isa = PBXFileReference; lastKnownFileType = sourcecode.swift; path = GridView.swift; sourceTree = "<group>"; };
		830B7BC539D8842B9D42E19C /* CeremonyStats.swift */ = {isa = PBXFileReference; lastKnownFileType = sourcecode.swift; path = CeremonyStats.swift; sourceTree = "<group>"; };
		9397CA0F97DAE510CB4AF6BA /* Exporter.swift */ = {isa = PBXFileReference; lastKnownFileType = sourcecode.swift; path = Exporter.swift; sourceTree = "<group>"; };
		942B764A886BCFB3224A8519 /* StylePreference.swift */ = {isa = PBXFileReference; lastKnownFileType = sourcecode.swift; path = StylePreference.swift; sourceTree = "<group>"; };
		98ECA5A70EA418D70462ABC1 /* Indexer.swift */ = {isa = PBXFileReference; lastKnownFileType = sourcecode.swift; path = Indexer.swift; sourceTree = "<group>"; };
		991C4902024E4D0F9B56D1E9 /* ReviewView.swift */ = {isa = PBXFileReference; lastKnownFileType = sourcecode.swift; path = ReviewView.swift; sourceTree = "<group>"; };
		B0C363580479394E6B2703E1 /* MarkStore.swift */ = {isa = PBXFileReference; lastKnownFileType = sourcecode.swift; path = MarkStore.swift; sourceTree = "<group>"; };
		B70A905EC35F7CF9A594C6EA /* ZoomSession.swift */ = {isa = PBXFileReference; lastKnownFileType = sourcecode.swift; path = ZoomSession.swift; sourceTree = "<group>"; };
		BB4ABD46A9300F00CEF82D5A /* DiskTrash.swift */ = {isa = PBXFileReference; lastKnownFileType = sourcecode.swift; path = DiskTrash.swift; sourceTree = "<group>"; };
		D065ED7257655CC401D8A261 /* Theme.swift */ = {isa = PBXFileReference; lastKnownFileType = sourcecode.swift; path = Theme.swift; sourceTree = "<group>"; };
		D650F5B140BC7FEBE9A4126E /* PhotoLoader.swift */ = {isa = PBXFileReference; lastKnownFileType = sourcecode.swift; path = PhotoLoader.swift; sourceTree = "<group>"; };
		D82056B8CABC234CF53F65CB /* EventHomeView.swift */ = {isa = PBXFileReference; lastKnownFileType = sourcecode.swift; path = EventHomeView.swift; sourceTree = "<group>"; };
		D89A3EA540B7D29D7E860B6D /* Recents.swift */ = {isa = PBXFileReference; lastKnownFileType = sourcecode.swift; path = Recents.swift; sourceTree = "<group>"; };
		DAE927B7AD8FDF25D6D3D3C7 /* ThumbView.swift */ = {isa = PBXFileReference; lastKnownFileType = sourcecode.swift; path = ThumbView.swift; sourceTree = "<group>"; };
		E759AC85274D787CEFC2EBE2 /* MarkStoreTests.swift */ = {isa = PBXFileReference; lastKnownFileType = sourcecode.swift; path = MarkStoreTests.swift; sourceTree = "<group>"; };
		EFDD6ED4C714CB7D06E49B54 /* SupportPaths.swift */ = {isa = PBXFileReference; lastKnownFileType = sourcecode.swift; path = SupportPaths.swift; sourceTree = "<group>"; };
		F37C282FD45FD9FDF7745583 /* EventBookmark.swift */ = {isa = PBXFileReference; lastKnownFileType = sourcecode.swift; path = EventBookmark.swift; sourceTree = "<group>"; };
		F916B41D6A4A0754C33BE055 /* IndexerTests.swift */ = {isa = PBXFileReference; lastKnownFileType = sourcecode.swift; path = IndexerTests.swift; sourceTree = "<group>"; };
		FE2BFCDC315D651FB8E1FF3A /* Pairing.swift */ = {isa = PBXFileReference; lastKnownFileType = sourcecode.swift; path = Pairing.swift; sourceTree = "<group>"; };
		FEB4BBC629ECFAF569DEF4E7 /* Keep.app */ = {isa = PBXFileReference; explicitFileType = wrapper.application; includeInIndex = 0; path = Keep.app; sourceTree = BUILT_PRODUCTS_DIR; };
/* End PBXFileReference section */

/* Begin PBXFrameworksBuildPhase section */
		C516AE08CD1950CA852C9048 /* Frameworks */ = {
			isa = PBXFrameworksBuildPhase;
			buildActionMask = 2147483647;
			files = (
				2CC9FD2CF6E41621FC81E88A /* GRDB in Frameworks */,
			);
			runOnlyForDeploymentPostprocessing = 0;
		};
		DC3C2F01CD625C10200FCB0D /* Frameworks */ = {
			isa = PBXFrameworksBuildPhase;
			buildActionMask = 2147483647;
			files = (
				FF0E06E549A4C7053EA33088 /* KeepCore.framework in Frameworks */,
			);
			runOnlyForDeploymentPostprocessing = 0;
		};
		E967DAD75FB0BC74068320D5 /* Frameworks */ = {
			isa = PBXFrameworksBuildPhase;
			buildActionMask = 2147483647;
			files = (
				19CAE78E3BD1A40C1BCC8573 /* KeepCore.framework in Frameworks */,
			);
			runOnlyForDeploymentPostprocessing = 0;
		};
/* End PBXFrameworksBuildPhase section */

/* Begin PBXGroup section */
		04D9F6347ACEF7FAE21490F4 /* Indexer */ = {
			isa = PBXGroup;
			children = (
				7531847392CFA3EE16630EDC /* DuplicateIngest.swift */,
				98ECA5A70EA418D70462ABC1 /* Indexer.swift */,
				FE2BFCDC315D651FB8E1FF3A /* Pairing.swift */,
				77E2C22B776D703D04148DA9 /* PathRules.swift */,
			);
			path = Indexer;
			sourceTree = "<group>";
		};
		08826F347AFE0CFE3CB846AC /* Support */ = {
			isa = PBXGroup;
			children = (
				594FA6318A09C402EB4B8762 /* CloudFile.swift */,
				BB4ABD46A9300F00CEF82D5A /* DiskTrash.swift */,
				EFDD6ED4C714CB7D06E49B54 /* SupportPaths.swift */,
				096423FA45F99D663BAD0921 /* Thumbnailer.swift */,
			);
			path = Support;
			sourceTree = "<group>";
		};
		1BD28A56018624163D6EFFED /* Viewer */ = {
			isa = PBXGroup;
			children = (
				7F0AECB1FA1C8B0115647D75 /* GridView.swift */,
				32374D8D54FC85DAF4C7976D /* PhotoCanvas.swift */,
				D650F5B140BC7FEBE9A4126E /* PhotoLoader.swift */,
				991C4902024E4D0F9B56D1E9 /* ReviewView.swift */,
				DAE927B7AD8FDF25D6D3D3C7 /* ThumbView.swift */,
				B70A905EC35F7CF9A594C6EA /* ZoomSession.swift */,
			);
			path = Viewer;
			sourceTree = "<group>";
		};
		26E183DE225E427C52FF4133 /* KeepTests */ = {
			isa = PBXGroup;
			children = (
				52D968DCEE96D23B028DC366 /* DiskTrashTests.swift */,
				4DEFA84F681065F2A2B96BAD /* ExporterTests.swift */,
				F916B41D6A4A0754C33BE055 /* IndexerTests.swift */,
				E759AC85274D787CEFC2EBE2 /* MarkStoreTests.swift */,
				7DAC5E9F5C8A48CB42AE473F /* PairingTests.swift */,
				4BA47B4A3CCE2847C638CD9F /* PathRulesTests.swift */,
				7AB114158BFDD0BAB67CD7B3 /* ThumbnailerTests.swift */,
			);
			path = KeepTests;
			sourceTree = "<group>";
		};
		5C5B45954B11D261E02A5345 /* Keep */ = {
			isa = PBXGroup;
			children = (
				425CCB7D103A94F76EFAD406 /* Assets.xcassets */,
				8053AAE3DC787E377EF79C85 /* App */,
				A66F1F6F4ADD9ECDECCB040E /* Catalog */,
				C3CD268ADD33A9E918F6ECFB /* Export */,
				04D9F6347ACEF7FAE21490F4 /* Indexer */,
				704A3DB75FF8E0D9AA16ACDF /* Shortlist */,
				08826F347AFE0CFE3CB846AC /* Support */,
				1BD28A56018624163D6EFFED /* Viewer */,
			);
			path = Keep;
			sourceTree = "<group>";
		};
		5FB2CAC9A44881779FC50900 /* Products */ = {
			isa = PBXGroup;
			children = (
				FEB4BBC629ECFAF569DEF4E7 /* Keep.app */,
				4DC5F0605FFE0EDEFC8F660F /* KeepCore.framework */,
				73E29E5F74C18F97E123A8B5 /* KeepTests.xctest */,
			);
			name = Products;
			sourceTree = "<group>";
		};
		704A3DB75FF8E0D9AA16ACDF /* Shortlist */ = {
			isa = PBXGroup;
			children = (
				830B7BC539D8842B9D42E19C /* CeremonyStats.swift */,
				B0C363580479394E6B2703E1 /* MarkStore.swift */,
				942B764A886BCFB3224A8519 /* StylePreference.swift */,
			);
			path = Shortlist;
			sourceTree = "<group>";
		};
		8053AAE3DC787E377EF79C85 /* App */ = {
			isa = PBXGroup;
			children = (
				75A0A17421EB6B1C623381D5 /* AppModel.swift */,
				D82056B8CABC234CF53F65CB /* EventHomeView.swift */,
				79CE9F4C86E8324DF3AFFEDB /* ExportSheet.swift */,
				3D214D2E6E1CEB575B82F3D3 /* KeepApp.swift */,
				55461D7A2731A22BF56095B8 /* OpenView.swift */,
				50B50D0E20DE124C044BB729 /* ScanView.swift */,
				D065ED7257655CC401D8A261 /* Theme.swift */,
			);
			path = App;
			sourceTree = "<group>";
		};
		9E63B16A4606FBB3330E6313 = {
			isa = PBXGroup;
			children = (
				5C5B45954B11D261E02A5345 /* Keep */,
				26E183DE225E427C52FF4133 /* KeepTests */,
				5FB2CAC9A44881779FC50900 /* Products */,
			);
			sourceTree = "<group>";
		};
		A66F1F6F4ADD9ECDECCB040E /* Catalog */ = {
			isa = PBXGroup;
			children = (
				58424114F85177D8015762B3 /* Database.swift */,
				F37C282FD45FD9FDF7745583 /* EventBookmark.swift */,
				60C66D09D2FB8373C7DC9566 /* Models.swift */,
				D89A3EA540B7D29D7E860B6D /* Recents.swift */,
			);
			path = Catalog;
			sourceTree = "<group>";
		};
		C3CD268ADD33A9E918F6ECFB /* Export */ = {
			isa = PBXGroup;
			children = (
				9397CA0F97DAE510CB4AF6BA /* Exporter.swift */,
			);
			path = Export;
			sourceTree = "<group>";
		};
/* End PBXGroup section */

/* Begin PBXNativeTarget section */
		0A2AE18900185294F8170CA0 /* KeepTests */ = {
			isa = PBXNativeTarget;
			buildConfigurationList = 133A92D479180401F64E36CB /* Build configuration list for PBXNativeTarget "KeepTests" */;
			buildPhases = (
				3F5A154470A241BC8E213F17 /* Sources */,
				DC3C2F01CD625C10200FCB0D /* Frameworks */,
				DC0819D8CB12AC7A3398140F /* Embed Frameworks */,
			);
			buildRules = (
			);
			dependencies = (
				269CEE5DADAAF0DCB944784D /* PBXTargetDependency */,
			);
			name = KeepTests;
			packageProductDependencies = (
			);
			productName = KeepTests;
			productReference = 73E29E5F74C18F97E123A8B5 /* KeepTests.xctest */;
			productType = "com.apple.product-type.bundle.unit-test";
		};
		2FF9365ADA1905EBF33BEDC4 /* Keep */ = {
			isa = PBXNativeTarget;
			buildConfigurationList = 8D28C4A7A06763E86D598A37 /* Build configuration list for PBXNativeTarget "Keep" */;
			buildPhases = (
				CAA780A63611913D145E4D05 /* Sources */,
				3F30A95AAB0624E73AE60A36 /* Resources */,
				E967DAD75FB0BC74068320D5 /* Frameworks */,
				E97FA0575A17E8C5A7C34A7B /* Embed Frameworks */,
			);
			buildRules = (
			);
			dependencies = (
				2651FF0CAD6C2AA9E480711D /* PBXTargetDependency */,
			);
			name = Keep;
			packageProductDependencies = (
			);
			productName = Keep;
			productReference = FEB4BBC629ECFAF569DEF4E7 /* Keep.app */;
			productType = "com.apple.product-type.application";
		};
		AA1C2177B88993FC04EBBEAB /* KeepCore */ = {
			isa = PBXNativeTarget;
			buildConfigurationList = AC20E8CEF3E23025DA68F848 /* Build configuration list for PBXNativeTarget "KeepCore" */;
			buildPhases = (
				706E2A919210F6FC3FF5B6B2 /* Sources */,
				C516AE08CD1950CA852C9048 /* Frameworks */,
			);
			buildRules = (
			);
			dependencies = (
			);
			name = KeepCore;
			packageProductDependencies = (
				EEB55FDAEC652309FB572AB7 /* GRDB */,
			);
			productName = KeepCore;
			productReference = 4DC5F0605FFE0EDEFC8F660F /* KeepCore.framework */;
			productType = "com.apple.product-type.framework";
		};
/* End PBXNativeTarget section */

/* Begin PBXProject section */
		D83C58DB87596131E35C5C7D /* Project object */ = {
			isa = PBXProject;
			attributes = {
				BuildIndependentTargetsInParallel = YES;
				LastUpgradeCheck = 1430;
				TargetAttributes = {
					0A2AE18900185294F8170CA0 = {
						ProvisioningStyle = Automatic;
					};
					2FF9365ADA1905EBF33BEDC4 = {
						ProvisioningStyle = Automatic;
					};
					AA1C2177B88993FC04EBBEAB = {
						ProvisioningStyle = Automatic;
					};
				};
			};
			buildConfigurationList = A2FBEDFBF5995B48489510A5 /* Build configuration list for PBXProject "Keep" */;
			developmentRegion = en;
			hasScannedForEncodings = 0;
			knownRegions = (
				Base,
				en,
			);
			mainGroup = 9E63B16A4606FBB3330E6313;
			minimizedProjectReferenceProxies = 1;
			packageReferences = (
				59A235057DAAAFC0554E3928 /* XCRemoteSwiftPackageReference "GRDB.swift" */,
			);
			preferredProjectObjectVersion = 77;
			productRefGroup = 5FB2CAC9A44881779FC50900 /* Products */;
			projectDirPath = "";
			projectRoot = "";
			targets = (
				2FF9365ADA1905EBF33BEDC4 /* Keep */,
				AA1C2177B88993FC04EBBEAB /* KeepCore */,
				0A2AE18900185294F8170CA0 /* KeepTests */,
			);
		};
/* End PBXProject section */

/* Begin PBXResourcesBuildPhase section */
		3F30A95AAB0624E73AE60A36 /* Resources */ = {
			isa = PBXResourcesBuildPhase;
			buildActionMask = 2147483647;
			files = (
				647DFF0FCF37D46BE8AABAF5 /* Assets.xcassets in Resources */,
			);
			runOnlyForDeploymentPostprocessing = 0;
		};
/* End PBXResourcesBuildPhase section */

/* Begin PBXSourcesBuildPhase section */
		3F5A154470A241BC8E213F17 /* Sources */ = {
			isa = PBXSourcesBuildPhase;
			buildActionMask = 2147483647;
			files = (
				5F34D556E40ED1DBD683AB61 /* DiskTrashTests.swift in Sources */,
				B659B5057932FD801FF828FB /* ExporterTests.swift in Sources */,
				97D8FB07021A32635A9ECE9E /* IndexerTests.swift in Sources */,
				A017327E09BAAB4B314AF763 /* MarkStoreTests.swift in Sources */,
				516C15D2CF1ABE596A1EF677 /* PairingTests.swift in Sources */,
				0814D767F5E63EA208A07798 /* PathRulesTests.swift in Sources */,
				DEB5B1969EA6414CAE0C1E70 /* ThumbnailerTests.swift in Sources */,
			);
			runOnlyForDeploymentPostprocessing = 0;
		};
		706E2A919210F6FC3FF5B6B2 /* Sources */ = {
			isa = PBXSourcesBuildPhase;
			buildActionMask = 2147483647;
			files = (
				09D0595C5D2EBB431D65ED22 /* CeremonyStats.swift in Sources */,
				24F41D1F901A024D4B68AF92 /* CloudFile.swift in Sources */,
				65D7F38A560981C07A6952A9 /* Database.swift in Sources */,
				CF141A0A0DA4F40F517911C8 /* DiskTrash.swift in Sources */,
				120FBFEB247B480BEAF516E5 /* DuplicateIngest.swift in Sources */,
				9D0E0FD6CBFDF3E24526D7F0 /* EventBookmark.swift in Sources */,
				499E46AEDF05EF93C0353C99 /* Exporter.swift in Sources */,
				680E445002FF96D561449278 /* Indexer.swift in Sources */,
				C3B1E6700ADD7AE2862E1991 /* MarkStore.swift in Sources */,
				30C9AC9FE8CDC2D9BCAD43E1 /* Models.swift in Sources */,
				1A732E29E20B379E514036D2 /* Pairing.swift in Sources */,
				160598895533D1F9A4BF0CF6 /* PathRules.swift in Sources */,
				8BE43356A8DEE5A1739988D4 /* Recents.swift in Sources */,
				91C86A201F3DFA49BAF76DB4 /* StylePreference.swift in Sources */,
				F4E2C74DC8D811B1DF58112B /* SupportPaths.swift in Sources */,
				8722EA315432A27C72EBFE41 /* Thumbnailer.swift in Sources */,
			);
			runOnlyForDeploymentPostprocessing = 0;
		};
		CAA780A63611913D145E4D05 /* Sources */ = {
			isa = PBXSourcesBuildPhase;
			buildActionMask = 2147483647;
			files = (
				F9473BD6D9DD94AC3B8942E0 /* AppModel.swift in Sources */,
				EE1A58FC18A80945F0F02A8A /* EventHomeView.swift in Sources */,
				02E3FFDD8240A48EB5C4F675 /* ExportSheet.swift in Sources */,
				4A7F88E0E90FF20CD2D289C0 /* GridView.swift in Sources */,
				14D7D429501BB3301A4BA005 /* KeepApp.swift in Sources */,
				23A1A29F60998545D44F1427 /* OpenView.swift in Sources */,
				729A7A8695475774DBE5FEAC /* PhotoCanvas.swift in Sources */,
				073EB06D7491C3BAC8FBCAC6 /* PhotoLoader.swift in Sources */,
				250C57A2C6B8178D7C969742 /* ReviewView.swift in Sources */,
				4E207D97B992DA9329F30186 /* ScanView.swift in Sources */,
				022E84F7CB37680507E27F4D /* Theme.swift in Sources */,
				6530D17A4ED1FF1D4E676C81 /* ThumbView.swift in Sources */,
				1FBF76718BC2861D2547AA0C /* ZoomSession.swift in Sources */,
			);
			runOnlyForDeploymentPostprocessing = 0;
		};
/* End PBXSourcesBuildPhase section */

/* Begin PBXTargetDependency section */
		2651FF0CAD6C2AA9E480711D /* PBXTargetDependency */ = {
			isa = PBXTargetDependency;
			target = AA1C2177B88993FC04EBBEAB /* KeepCore */;
			targetProxy = 2EA946CBA9F1A276E4F63CDE /* PBXContainerItemProxy */;
		};
		269CEE5DADAAF0DCB944784D /* PBXTargetDependency */ = {
			isa = PBXTargetDependency;
			target = AA1C2177B88993FC04EBBEAB /* KeepCore */;
			targetProxy = C758286BB5A01A4093E93101 /* PBXContainerItemProxy */;
		};
/* End PBXTargetDependency section */

/* Begin XCBuildConfiguration section */
		00393B3AE395736E295C1ABB /* Release */ = {
			isa = XCBuildConfiguration;
			buildSettings = {
				BUNDLE_LOADER = "$(TEST_HOST)";
				CODE_SIGN_STYLE = Automatic;
				COMBINE_HIDPI_IMAGES = YES;
				GENERATE_INFOPLIST_FILE = YES;
				LD_RUNPATH_SEARCH_PATHS = (
					"$(inherited)",
					"@executable_path/../Frameworks",
					"@loader_path/../Frameworks",
				);
				PRODUCT_BUNDLE_IDENTIFIER = app.keep.mac.tests;
				SDKROOT = macosx;
			};
			name = Release;
		};
		099B229269F19CF1B4E89FC8 /* Release */ = {
			isa = XCBuildConfiguration;
			buildSettings = {
				ALWAYS_SEARCH_USER_PATHS = NO;
				CLANG_ANALYZER_NONNULL = YES;
				CLANG_ANALYZER_NUMBER_OBJECT_CONVERSION = YES_AGGRESSIVE;
				CLANG_CXX_LANGUAGE_STANDARD = "gnu++14";
				CLANG_CXX_LIBRARY = "libc++";
				CLANG_ENABLE_MODULES = YES;
				CLANG_ENABLE_OBJC_ARC = YES;
				CLANG_ENABLE_OBJC_WEAK = YES;
				CLANG_WARN_BLOCK_CAPTURE_AUTORELEASING = YES;
				CLANG_WARN_BOOL_CONVERSION = YES;
				CLANG_WARN_COMMA = YES;
				CLANG_WARN_CONSTANT_CONVERSION = YES;
				CLANG_WARN_DEPRECATED_OBJC_IMPLEMENTATIONS = YES;
				CLANG_WARN_DIRECT_OBJC_ISA_USAGE = YES_ERROR;
				CLANG_WARN_DOCUMENTATION_COMMENTS = YES;
				CLANG_WARN_EMPTY_BODY = YES;
				CLANG_WARN_ENUM_CONVERSION = YES;
				CLANG_WARN_INFINITE_RECURSION = YES;
				CLANG_WARN_INT_CONVERSION = YES;
				CLANG_WARN_NON_LITERAL_NULL_CONVERSION = YES;
				CLANG_WARN_OBJC_IMPLICIT_RETAIN_SELF = YES;
				CLANG_WARN_OBJC_LITERAL_CONVERSION = YES;
				CLANG_WARN_OBJC_ROOT_CLASS = YES_ERROR;
				CLANG_WARN_QUOTED_INCLUDE_IN_FRAMEWORK_HEADER = YES;
				CLANG_WARN_RANGE_LOOP_ANALYSIS = YES;
				CLANG_WARN_STRICT_PROTOTYPES = YES;
				CLANG_WARN_SUSPICIOUS_MOVE = YES;
				CLANG_WARN_UNGUARDED_AVAILABILITY = YES_AGGRESSIVE;
				CLANG_WARN_UNREACHABLE_CODE = YES;
				CLANG_WARN__DUPLICATE_METHOD_MATCH = YES;
				COMBINE_HIDPI_IMAGES = YES;
				COPY_PHASE_STRIP = NO;
				DEBUG_INFORMATION_FORMAT = "dwarf-with-dsym";
				ENABLE_HARDENED_RUNTIME = NO;
				ENABLE_NS_ASSERTIONS = NO;
				ENABLE_STRICT_OBJC_MSGSEND = YES;
				GCC_C_LANGUAGE_STANDARD = gnu11;
				GCC_NO_COMMON_BLOCKS = YES;
				GCC_WARN_64_TO_32_BIT_CONVERSION = YES;
				GCC_WARN_ABOUT_RETURN_TYPE = YES_ERROR;
				GCC_WARN_UNDECLARED_SELECTOR = YES;
				GCC_WARN_UNINITIALIZED_AUTOS = YES_AGGRESSIVE;
				GCC_WARN_UNUSED_FUNCTION = YES;
				GCC_WARN_UNUSED_VARIABLE = YES;
				GENERATE_INFOPLIST_FILE = YES;
				MACOSX_DEPLOYMENT_TARGET = 14.0;
				MTL_ENABLE_DEBUG_INFO = NO;
				MTL_FAST_MATH = YES;
				PRODUCT_NAME = "$(TARGET_NAME)";
				SDKROOT = macosx;
				SWIFT_COMPILATION_MODE = wholemodule;
				SWIFT_OPTIMIZATION_LEVEL = "-O";
				SWIFT_STRICT_CONCURRENCY = complete;
				SWIFT_VERSION = 6.0;
			};
			name = Release;
		};
		2023A08AA43BFCDFFA4D88A5 /* Debug */ = {
			isa = XCBuildConfiguration;
			buildSettings = {
				ALWAYS_SEARCH_USER_PATHS = NO;
				CLANG_ANALYZER_NONNULL = YES;
				CLANG_ANALYZER_NUMBER_OBJECT_CONVERSION = YES_AGGRESSIVE;
				CLANG_CXX_LANGUAGE_STANDARD = "gnu++14";
				CLANG_CXX_LIBRARY = "libc++";
				CLANG_ENABLE_MODULES = YES;
				CLANG_ENABLE_OBJC_ARC = YES;
				CLANG_ENABLE_OBJC_WEAK = YES;
				CLANG_WARN_BLOCK_CAPTURE_AUTORELEASING = YES;
				CLANG_WARN_BOOL_CONVERSION = YES;
				CLANG_WARN_COMMA = YES;
				CLANG_WARN_CONSTANT_CONVERSION = YES;
				CLANG_WARN_DEPRECATED_OBJC_IMPLEMENTATIONS = YES;
				CLANG_WARN_DIRECT_OBJC_ISA_USAGE = YES_ERROR;
				CLANG_WARN_DOCUMENTATION_COMMENTS = YES;
				CLANG_WARN_EMPTY_BODY = YES;
				CLANG_WARN_ENUM_CONVERSION = YES;
				CLANG_WARN_INFINITE_RECURSION = YES;
				CLANG_WARN_INT_CONVERSION = YES;
				CLANG_WARN_NON_LITERAL_NULL_CONVERSION = YES;
				CLANG_WARN_OBJC_IMPLICIT_RETAIN_SELF = YES;
				CLANG_WARN_OBJC_LITERAL_CONVERSION = YES;
				CLANG_WARN_OBJC_ROOT_CLASS = YES_ERROR;
				CLANG_WARN_QUOTED_INCLUDE_IN_FRAMEWORK_HEADER = YES;
				CLANG_WARN_RANGE_LOOP_ANALYSIS = YES;
				CLANG_WARN_STRICT_PROTOTYPES = YES;
				CLANG_WARN_SUSPICIOUS_MOVE = YES;
				CLANG_WARN_UNGUARDED_AVAILABILITY = YES_AGGRESSIVE;
				CLANG_WARN_UNREACHABLE_CODE = YES;
				CLANG_WARN__DUPLICATE_METHOD_MATCH = YES;
				COMBINE_HIDPI_IMAGES = YES;
				COPY_PHASE_STRIP = NO;
				DEBUG_INFORMATION_FORMAT = dwarf;
				ENABLE_HARDENED_RUNTIME = NO;
				ENABLE_STRICT_OBJC_MSGSEND = YES;
				ENABLE_TESTABILITY = YES;
				GCC_C_LANGUAGE_STANDARD = gnu11;
				GCC_DYNAMIC_NO_PIC = NO;
				GCC_NO_COMMON_BLOCKS = YES;
				GCC_OPTIMIZATION_LEVEL = 0;
				GCC_PREPROCESSOR_DEFINITIONS = (
					"$(inherited)",
					"DEBUG=1",
				);
				GCC_WARN_64_TO_32_BIT_CONVERSION = YES;
				GCC_WARN_ABOUT_RETURN_TYPE = YES_ERROR;
				GCC_WARN_UNDECLARED_SELECTOR = YES;
				GCC_WARN_UNINITIALIZED_AUTOS = YES_AGGRESSIVE;
				GCC_WARN_UNUSED_FUNCTION = YES;
				GCC_WARN_UNUSED_VARIABLE = YES;
				GENERATE_INFOPLIST_FILE = YES;
				MACOSX_DEPLOYMENT_TARGET = 14.0;
				MTL_ENABLE_DEBUG_INFO = INCLUDE_SOURCE;
				MTL_FAST_MATH = YES;
				ONLY_ACTIVE_ARCH = YES;
				PRODUCT_NAME = "$(TARGET_NAME)";
				SDKROOT = macosx;
				SWIFT_ACTIVE_COMPILATION_CONDITIONS = DEBUG;
				SWIFT_OPTIMIZATION_LEVEL = "-Onone";
				SWIFT_STRICT_CONCURRENCY = complete;
				SWIFT_VERSION = 6.0;
			};
			name = Debug;
		};
		292155488B51B30217AACDE6 /* Release */ = {
			isa = XCBuildConfiguration;
			buildSettings = {
				CODE_SIGN_IDENTITY = "";
				CODE_SIGN_STYLE = Automatic;
				COMBINE_HIDPI_IMAGES = YES;
				CURRENT_PROJECT_VERSION = 1;
				DEFINES_MODULE = YES;
				DYLIB_COMPATIBILITY_VERSION = 1;
				DYLIB_CURRENT_VERSION = 1;
				DYLIB_INSTALL_NAME_BASE = "@rpath";
				ENABLE_HARDENED_RUNTIME = NO;
				GENERATE_INFOPLIST_FILE = YES;
				INSTALL_PATH = "$(LOCAL_LIBRARY_DIR)/Frameworks";
				LD_RUNPATH_SEARCH_PATHS = (
					"$(inherited)",
					"@executable_path/../Frameworks",
				);
				PRODUCT_BUNDLE_IDENTIFIER = app.keep.mac.core;
				PRODUCT_NAME = KeepCore;
				SDKROOT = macosx;
				SKIP_INSTALL = YES;
				VERSIONING_SYSTEM = "apple-generic";
			};
			name = Release;
		};
		2E690FDDD94F7E0FA3B9265A /* Release */ = {
			isa = XCBuildConfiguration;
			buildSettings = {
				ASSETCATALOG_COMPILER_APPICON_NAME = AppIcon;
				CODE_SIGN_ENTITLEMENTS = Keep/Keep.entitlements;
				CODE_SIGN_STYLE = Automatic;
				COMBINE_HIDPI_IMAGES = YES;
				ENABLE_APP_SANDBOX = NO;
				ENABLE_HARDENED_RUNTIME = NO;
				INFOPLIST_KEY_CFBundleDisplayName = Keep;
				INFOPLIST_KEY_LSApplicationCategoryType = "public.app-category.photography";
				INFOPLIST_KEY_LSMinimumSystemVersion = 14.0;
				INFOPLIST_KEY_NSHighResolutionCapable = YES;
				LD_RUNPATH_SEARCH_PATHS = "$(inherited) @executable_path/../Frameworks";
				PRODUCT_BUNDLE_IDENTIFIER = app.keep.mac;
				PRODUCT_NAME = Keep;
				SDKROOT = macosx;
			};
			name = Release;
		};
		2F02CD40F85A918C075EFB2A /* Debug */ = {
			isa = XCBuildConfiguration;
			buildSettings = {
				BUNDLE_LOADER = "$(TEST_HOST)";
				CODE_SIGN_STYLE = Automatic;
				COMBINE_HIDPI_IMAGES = YES;
				GENERATE_INFOPLIST_FILE = YES;
				LD_RUNPATH_SEARCH_PATHS = (
					"$(inherited)",
					"@executable_path/../Frameworks",
					"@loader_path/../Frameworks",
				);
				PRODUCT_BUNDLE_IDENTIFIER = app.keep.mac.tests;
				SDKROOT = macosx;
			};
			name = Debug;
		};
		50DD90666812B2AB4E5720E8 /* Debug */ = {
			isa = XCBuildConfiguration;
			buildSettings = {
				ASSETCATALOG_COMPILER_APPICON_NAME = AppIcon;
				CODE_SIGN_ENTITLEMENTS = Keep/Keep.entitlements;
				CODE_SIGN_STYLE = Automatic;
				COMBINE_HIDPI_IMAGES = YES;
				ENABLE_APP_SANDBOX = NO;
				ENABLE_HARDENED_RUNTIME = NO;
				INFOPLIST_KEY_CFBundleDisplayName = Keep;
				INFOPLIST_KEY_LSApplicationCategoryType = "public.app-category.photography";
				INFOPLIST_KEY_LSMinimumSystemVersion = 14.0;
				INFOPLIST_KEY_NSHighResolutionCapable = YES;
				LD_RUNPATH_SEARCH_PATHS = "$(inherited) @executable_path/../Frameworks";
				PRODUCT_BUNDLE_IDENTIFIER = app.keep.mac;
				PRODUCT_NAME = Keep;
				SDKROOT = macosx;
			};
			name = Debug;
		};
		BB90164F44D0A0F2DFF1E8A7 /* Debug */ = {
			isa = XCBuildConfiguration;
			buildSettings = {
				CODE_SIGN_IDENTITY = "";
				CODE_SIGN_STYLE = Automatic;
				COMBINE_HIDPI_IMAGES = YES;
				CURRENT_PROJECT_VERSION = 1;
				DEFINES_MODULE = YES;
				DYLIB_COMPATIBILITY_VERSION = 1;
				DYLIB_CURRENT_VERSION = 1;
				DYLIB_INSTALL_NAME_BASE = "@rpath";
				ENABLE_HARDENED_RUNTIME = NO;
				GENERATE_INFOPLIST_FILE = YES;
				INSTALL_PATH = "$(LOCAL_LIBRARY_DIR)/Frameworks";
				LD_RUNPATH_SEARCH_PATHS = (
					"$(inherited)",
					"@executable_path/../Frameworks",
				);
				PRODUCT_BUNDLE_IDENTIFIER = app.keep.mac.core;
				PRODUCT_NAME = KeepCore;
				SDKROOT = macosx;
				SKIP_INSTALL = YES;
				VERSIONING_SYSTEM = "apple-generic";
			};
			name = Debug;
		};
/* End XCBuildConfiguration section */

/* Begin XCConfigurationList section */
		133A92D479180401F64E36CB /* Build configuration list for PBXNativeTarget "KeepTests" */ = {
			isa = XCConfigurationList;
			buildConfigurations = (
				2F02CD40F85A918C075EFB2A /* Debug */,
				00393B3AE395736E295C1ABB /* Release */,
			);
			defaultConfigurationIsVisible = 0;
			defaultConfigurationName = Debug;
		};
		8D28C4A7A06763E86D598A37 /* Build configuration list for PBXNativeTarget "Keep" */ = {
			isa = XCConfigurationList;
			buildConfigurations = (
				50DD90666812B2AB4E5720E8 /* Debug */,
				2E690FDDD94F7E0FA3B9265A /* Release */,
			);
			defaultConfigurationIsVisible = 0;
			defaultConfigurationName = Debug;
		};
		A2FBEDFBF5995B48489510A5 /* Build configuration list for PBXProject "Keep" */ = {
			isa = XCConfigurationList;
			buildConfigurations = (
				2023A08AA43BFCDFFA4D88A5 /* Debug */,
				099B229269F19CF1B4E89FC8 /* Release */,
			);
			defaultConfigurationIsVisible = 0;
			defaultConfigurationName = Debug;
		};
		AC20E8CEF3E23025DA68F848 /* Build configuration list for PBXNativeTarget "KeepCore" */ = {
			isa = XCConfigurationList;
			buildConfigurations = (
				BB90164F44D0A0F2DFF1E8A7 /* Debug */,
				292155488B51B30217AACDE6 /* Release */,
			);
			defaultConfigurationIsVisible = 0;
			defaultConfigurationName = Debug;
		};
/* End XCConfigurationList section */

/* Begin XCRemoteSwiftPackageReference section */
		59A235057DAAAFC0554E3928 /* XCRemoteSwiftPackageReference "GRDB.swift" */ = {
			isa = XCRemoteSwiftPackageReference;
			repositoryURL = "https://github.com/groue/GRDB.swift";
			requirement = {
				kind = upToNextMajorVersion;
				minimumVersion = 7.0.0;
			};
		};
/* End XCRemoteSwiftPackageReference section */

/* Begin XCSwiftPackageProductDependency section */
		EEB55FDAEC652309FB572AB7 /* GRDB */ = {
			isa = XCSwiftPackageProductDependency;
			package = 59A235057DAAAFC0554E3928 /* XCRemoteSwiftPackageReference "GRDB.swift" */;
			productName = GRDB;
		};
/* End XCSwiftPackageProductDependency section */
	};
	rootObject = D83C58DB87596131E35C5C7D /* Project object */;
}
